
Microsoft Visual Studio Solution File, Format Version 12.00
# Visual Studio Version 17
VisualStudioVersion = 17.7.34202.233
MinimumVisualStudioVersion = 10.0.40219.1
Project("{9A19103F-16F7-4668-BE54-9A1E7A4F7556}") = "PizzaDelivery", "PizzaDelivery\PizzaDelivery.csproj", "{8912DD4E-E844-4035-A1F3-5C352CA623FD}"
EndProject
Project("{FAE04EC0-301F-11D3-BF4B-00C04F79EFBC}") = "lab8", "lab8\lab8.csproj", "{6387126B-C34E-4367-ADAA-E05562EB37A6}"
EndProject
Global
	GlobalSection(SolutionConfigurationPlatforms) = preSolution
		Debug|Any CPU = Debug|Any CPU
		Release|Any CPU = Release|Any CPU
	EndGlobalSection
	GlobalSection(ProjectConfigurationPlatforms) = postSolution
		{8912DD4E-E844-4035-A1F3-5C352CA623FD}.Debug|Any CPU.ActiveCfg = Debug|Any CPU
		{8912DD4E-E844-4035-A1F3-5C352CA623FD}.Debug|Any CPU.Build.0 = Debug|Any CPU
		{8912DD4E-E844-4035-A1F3-5C352CA623FD}.Release|Any CPU.ActiveCfg = Release|Any CPU
		{8912DD4E-E844-4035-A1F3-5C352CA623FD}.Release|Any CPU.Build.0 = Release|Any CPU
		{6387126B-C34E-4367-ADAA-E05562EB37A6}.Debug|Any CPU.ActiveCfg = Debug|Any CPU
		{6387126B-C34E-4367-ADAA-E05562EB37A6}.Debug|Any CPU.Build.0 = Debug|Any CPU
		{6387126B-C34E-4367-ADAA-E05562EB37A6}.Release|Any CPU.ActiveCfg = Release|Any CPU
		{6387126B-C34E-4367-ADAA-E05562EB37A6}.Release|Any CPU.Build.0 = Release|Any CPU
	EndGlobalSection
	GlobalSection(SolutionProperties) = preSolution
		HideSolutionNode = FALSE
	EndGlobalSection
	GlobalSection(ExtensibilityGlobals) = postSolution
		SolutionGuid = {41064E9D-DD2E-4FA1-8A40-E04C70544660}
	EndGlobalSection
EndGlobal
